
Microsoft Visual Studio Solution File, Format Version 12.00
# Visual Studio Version 16
VisualStudioVersion = 16.0.31229.75
MinimumVisualStudioVersion = 10.0.40219.1
Project("{FAE04EC0-301F-11D3-BF4B-00C04F79EFBC}") = "PicArchive", "PicArchive.csproj", "{0958FCA2-1D74-4989-BEA0-3AAE5E252989}"
EndProject
Global
	GlobalSection(SolutionConfigurationPlatforms) = preSolution
		Debug|Any CPU = Debug|Any CPU
		Release|Any CPU = Release|Any CPU
	EndGlobalSection
	GlobalSection(ProjectConfigurationPlatforms) = postSolution
		{0958FCA2-1D74-4989-BEA0-3AAE5E252989}.Debug|Any CPU.ActiveCfg = Debug|Any CPU
		{0958FCA2-1D74-4989-BEA0-3AAE5E252989}.Debug|Any CPU.Build.0 = Debug|Any CPU
		{0958FCA2-1D74-4989-BEA0-3AAE5E252989}.Release|Any CPU.ActiveCfg = Release|Any CPU
		{0958FCA2-1D74-4989-BEA0-3AAE5E252989}.Release|Any CPU.Build.0 = Release|Any CPU
	EndGlobalSection
	GlobalSection(SolutionProperties) = preSolution
		HideSolutionNode = FALSE
	EndGlobalSection
	GlobalSection(ExtensibilityGlobals) = postSolution
		SolutionGuid = {B0756C7D-2956-4553-B1CA-3A327592C30B}
	EndGlobalSection
EndGlobal
